
Microsoft Visual Studio Solution File, Format Version 12.00
# Visual Studio Version 17
VisualStudioVersion = 17.8.34408.163
MinimumVisualStudioVersion = 10.0.40219.1
Project("{FAE04EC0-301F-11D3-BF4B-00C04F79EFBC}") = "Singleton.RealWorldExample", "Singleton.RealWorldExample\Singleton.RealWorldExample.csproj", "{37F83D99-1E0B-47F1-8FFD-4AD8CB859209}"
EndProject
Global
	GlobalSection(SolutionConfigurationPlatforms) = preSolution
		Debug|Any CPU = Debug|Any CPU
		Release|Any CPU = Release|Any CPU
	EndGlobalSection
	GlobalSection(ProjectConfigurationPlatforms) = postSolution
		{37F83D99-1E0B-47F1-8FFD-4AD8CB859209}.Debug|Any CPU.ActiveCfg = Debug|Any CPU
		{37F83D99-1E0B-47F1-8FFD-4AD8CB859209}.Debug|Any CPU.Build.0 = Debug|Any CPU
		{37F83D99-1E0B-47F1-8FFD-4AD8CB859209}.Release|Any CPU.ActiveCfg = Release|Any CPU
		{37F83D99-1E0B-47F1-8FFD-4AD8CB859209}.Release|Any CPU.Build.0 = Release|Any CPU
	EndGlobalSection
	GlobalSection(SolutionProperties) = preSolution
		HideSolutionNode = FALSE
	EndGlobalSection
	GlobalSection(ExtensibilityGlobals) = postSolution
		SolutionGuid = {F8F21ECE-A721-4A54-8DD2-3910E2406410}
	EndGlobalSection
EndGlobal
