
Microsoft Visual Studio Solution File, Format Version 12.00
# Visual Studio Version 17
VisualStudioVersion = 17.8.34511.84
MinimumVisualStudioVersion = 10.0.40219.1
Project("{FAE04EC0-301F-11D3-BF4B-00C04F79EFBC}") = "Bridge.Example2", "Bridge.Example2\Bridge.Example2.csproj", "{7326853A-967B-4E60-BD7D-59117BC62872}"
EndProject
Global
	GlobalSection(SolutionConfigurationPlatforms) = preSolution
		Debug|Any CPU = Debug|Any CPU
		Release|Any CPU = Release|Any CPU
	EndGlobalSection
	GlobalSection(ProjectConfigurationPlatforms) = postSolution
		{7326853A-967B-4E60-BD7D-59117BC62872}.Debug|Any CPU.ActiveCfg = Debug|Any CPU
		{7326853A-967B-4E60-BD7D-59117BC62872}.Debug|Any CPU.Build.0 = Debug|Any CPU
		{7326853A-967B-4E60-BD7D-59117BC62872}.Release|Any CPU.ActiveCfg = Release|Any CPU
		{7326853A-967B-4E60-BD7D-59117BC62872}.Release|Any CPU.Build.0 = Release|Any CPU
	EndGlobalSection
	GlobalSection(SolutionProperties) = preSolution
		HideSolutionNode = FALSE
	EndGlobalSection
	GlobalSection(ExtensibilityGlobals) = postSolution
		SolutionGuid = {66ACD2FA-9BFF-4922-8E11-6A6188252EBB}
	EndGlobalSection
EndGlobal
